// !$*UTF8*$!
{
	archiveVersion = 1;
	classes = {
	};
	objectVersion = 50;
	objects = {

/* Begin PBXBuildFile section */
		5F4103A72164E72F00443671 /* ViewController.Navigation.swift in Sources */ = {isa = PBXBuildFile; fileRef = 5F4103A62164E72F00443671 /* ViewController.Navigation.swift */; };
		5F4103A92164E76E00443671 /* Storyboard.Custom.swift in Sources */ = {isa = PBXBuildFile; fileRef = 5F4103A82164E76E00443671 /* Storyboard.Custom.swift */; };
		5F4103B12164E87B00443671 /* SecondViewController.swift in Sources */ = {isa = PBXBuildFile; fileRef = 5F4103B02164E87B00443671 /* SecondViewController.swift */; };
		5F4103B32164E8BD00443671 /* FirstModule.storyboard in Resources */ = {isa = PBXBuildFile; fileRef = 5F4103B22164E8BD00443671 /* FirstModule.storyboard */; };
		5F4103B52164E8CD00443671 /* SecondModule.storyboard in Resources */ = {isa = PBXBuildFile; fileRef = 5F4103B42164E8CD00443671 /* SecondModule.storyboard */; };
		5FF7E4B62163AAE2003BD428 /* AppDelegate.swift in Sources */ = {isa = PBXBuildFile; fileRef = 5FF7E4B52163AAE2003BD428 /* AppDelegate.swift */; };
		5FF7E4B82163AAE2003BD428 /* FirstViewController.swift in Sources */ = {isa = PBXBuildFile; fileRef = 5FF7E4B72163AAE2003BD428 /* FirstViewController.swift */; };
		5FF7E4BD2163AAE3003BD428 /* Assets.xcassets in Resources */ = {isa = PBXBuildFile; fileRef = 5FF7E4BC2163AAE3003BD428 /* Assets.xcassets */; };
		5FF7E4C02163AAE3003BD428 /* LaunchScreen.storyboard in Resources */ = {isa = PBXBuildFile; fileRef = 5FF7E4BE2163AAE3003BD428 /* LaunchScreen.storyboard */; };
		5FF7E4CB2163AAE3003BD428 /* DummyNavigationTests.swift in Sources */ = {isa = PBXBuildFile; fileRef = 5FF7E4CA2163AAE3003BD428 /* DummyNavigationTests.swift */; };
		5FF7E4D62163AAE3003BD428 /* DummyNavigationUITests.swift in Sources */ = {isa = PBXBuildFile; fileRef = 5FF7E4D52163AAE3003BD428 /* DummyNavigationUITests.swift */; };
/* End PBXBuildFile section */

/* Begin PBXContainerItemProxy section */
		5FF7E4C72163AAE3003BD428 /* PBXContainerItemProxy */ = {
			isa = PBXContainerItemProxy;
			containerPortal = 5FF7E4AA2163AAE1003BD428 /* Project object */;
			proxyType = 1;
			remoteGlobalIDString = 5FF7E4B12163AAE2003BD428;
			remoteInfo = DummyNavigation;
		};
		5FF7E4D22163AAE3003BD428 /* PBXContainerItemProxy */ = {
			isa = PBXContainerItemProxy;
			containerPortal = 5FF7E4AA2163AAE1003BD428 /* Project object */;
			proxyType = 1;
			remoteGlobalIDString = 5FF7E4B12163AAE2003BD428;
			remoteInfo = DummyNavigation;
		};
/* End PBXContainerItemProxy section */

/* Begin PBXFileReference section */
		5F4103A62164E72F00443671 /* ViewController.Navigation.swift */ = {isa = PBXFileReference; lastKnownFileType = sourcecode.swift; path = ViewController.Navigation.swift; sourceTree = "<group>"; };
		5F4103A82164E76E00443671 /* Storyboard.Custom.swift */ = {isa = PBXFileReference; lastKnownFileType = sourcecode.swift; path = Storyboard.Custom.swift; sourceTree = "<group>"; };
		5F4103B02164E87B00443671 /* SecondViewController.swift */ = {isa = PBXFileReference; lastKnownFileType = sourcecode.swift; path = SecondViewController.swift; sourceTree = "<group>"; };
		5F4103B22164E8BD00443671 /* FirstModule.storyboard */ = {isa = PBXFileReference; lastKnownFileType = file.storyboard; path = FirstModule.storyboard; sourceTree = "<group>"; };
		5F4103B42164E8CD00443671 /* SecondModule.storyboard */ = {isa = PBXFileReference; lastKnownFileType = file.storyboard; path = SecondModule.storyboard; sourceTree = "<group>"; };
		5FF7E4B22163AAE2003BD428 /* SmallStoryboardNavigation.app */ = {isa = PBXFileReference; explicitFileType = wrapper.application; includeInIndex = 0; path = SmallStoryboardNavigation.app; sourceTree = BUILT_PRODUCTS_DIR; };
		5FF7E4B52163AAE2003BD428 /* AppDelegate.swift */ = {isa = PBXFileReference; lastKnownFileType = sourcecode.swift; path = AppDelegate.swift; sourceTree = "<group>"; };
		5FF7E4B72163AAE2003BD428 /* FirstViewController.swift */ = {isa = PBXFileReference; lastKnownFileType = sourcecode.swift; path = FirstViewController.swift; sourceTree = "<group>"; };
		5FF7E4BC2163AAE3003BD428 /* Assets.xcassets */ = {isa = PBXFileReference; lastKnownFileType = folder.assetcatalog; path = Assets.xcassets; sourceTree = "<group>"; };
		5FF7E4BF2163AAE3003BD428 /* Base */ = {isa = PBXFileReference; lastKnownFileType = file.storyboard; name = Base; path = Base.lproj/LaunchScreen.storyboard; sourceTree = "<group>"; };
		5FF7E4C12163AAE3003BD428 /* Info.plist */ = {isa = PBXFileReference; lastKnownFileType = text.plist.xml; path = Info.plist; sourceTree = "<group>"; };
		5FF7E4C62163AAE3003BD428 /* SmallStoryboardNavigationTests.xctest */ = {isa = PBXFileReference; explicitFileType = wrapper.cfbundle; includeInIndex = 0; path = SmallStoryboardNavigationTests.xctest; sourceTree = BUILT_PRODUCTS_DIR; };
		5FF7E4CA2163AAE3003BD428 /* DummyNavigationTests.swift */ = {isa = PBXFileReference; lastKnownFileType = sourcecode.swift; path = DummyNavigationTests.swift; sourceTree = "<group>"; };
		5FF7E4CC2163AAE3003BD428 /* Info.plist */ = {isa = PBXFileReference; lastKnownFileType = text.plist.xml; path = Info.plist; sourceTree = "<group>"; };
		5FF7E4D12163AAE3003BD428 /* SmallStoryboardNavigationUITests.xctest */ = {isa = PBXFileReference; explicitFileType = wrapper.cfbundle; includeInIndex = 0; path = SmallStoryboardNavigationUITests.xctest; sourceTree = BUILT_PRODUCTS_DIR; };
		5FF7E4D52163AAE3003BD428 /* DummyNavigationUITests.swift */ = {isa = PBXFileReference; lastKnownFileType = sourcecode.swift; path = DummyNavigationUITests.swift; sourceTree = "<group>"; };
		5FF7E4D72163AAE3003BD428 /* Info.plist */ = {isa = PBXFileReference; lastKnownFileType = text.plist.xml; path = Info.plist; sourceTree = "<group>"; };
/* End PBXFileReference section */

/* Begin PBXFrameworksBuildPhase section */
		5FF7E4AF2163AAE2003BD428 /* Frameworks */ = {
			isa = PBXFrameworksBuildPhase;
			buildActionMask = 2147483647;
			files = (
			);
			runOnlyForDeploymentPostprocessing = 0;
		};
		5FF7E4C32163AAE3003BD428 /* Frameworks */ = {
			isa = PBXFrameworksBuildPhase;
			buildActionMask = 2147483647;
			files = (
			);
			runOnlyForDeploymentPostprocessing = 0;
		};
		5FF7E4CE2163AAE3003BD428 /* Frameworks */ = {
			isa = PBXFrameworksBuildPhase;
			buildActionMask = 2147483647;
			files = (
			);
			runOnlyForDeploymentPostprocessing = 0;
		};
/* End PBXFrameworksBuildPhase section */

/* Begin PBXGroup section */
		5F4103AA2164E7B800443671 /* Resources */ = {
			isa = PBXGroup;
			children = (
				5FF7E4C12163AAE3003BD428 /* Info.plist */,
				5FF7E4BC2163AAE3003BD428 /* Assets.xcassets */,
				5FF7E4BE2163AAE3003BD428 /* LaunchScreen.storyboard */,
				5F4103B22164E8BD00443671 /* FirstModule.storyboard */,
				5F4103B42164E8CD00443671 /* SecondModule.storyboard */,
			);
			path = Resources;
			sourceTree = "<group>";
		};
		5F4103AB2164E7C600443671 /* Application */ = {
			isa = PBXGroup;
			children = (
				5FF7E4B52163AAE2003BD428 /* AppDelegate.swift */,
			);
			path = Application;
			sourceTree = "<group>";
		};
		5F4103AC2164E7D500443671 /* ViewControllers */ = {
			isa = PBXGroup;
			children = (
				5FF7E4B72163AAE2003BD428 /* FirstViewController.swift */,
				5F4103B02164E87B00443671 /* SecondViewController.swift */,
			);
			path = ViewControllers;
			sourceTree = "<group>";
		};
		5F4103AD2164E7F300443671 /* Extensions */ = {
			isa = PBXGroup;
			children = (
				5F4103A62164E72F00443671 /* ViewController.Navigation.swift */,
				5F4103A82164E76E00443671 /* Storyboard.Custom.swift */,
			);
			path = Extensions;
			sourceTree = "<group>";
		};
		5FF7E4A92163AAE1003BD428 = {
			isa = PBXGroup;
			children = (
				5FF7E4B42163AAE2003BD428 /* SmallStoryboardNavigation */,
				5FF7E4C92163AAE3003BD428 /* SmallStoryboardNavigationTests */,
				5FF7E4D42163AAE3003BD428 /* SmallStoryboardNavigationUITests */,
				5FF7E4B32163AAE2003BD428 /* Products */,
			);
			sourceTree = "<group>";
		};
		5FF7E4B32163AAE2003BD428 /* Products */ = {
			isa = PBXGroup;
			children = (
				5FF7E4B22163AAE2003BD428 /* SmallStoryboardNavigation.app */,
				5FF7E4C62163AAE3003BD428 /* SmallStoryboardNavigationTests.xctest */,
				5FF7E4D12163AAE3003BD428 /* SmallStoryboardNavigationUITests.xctest */,
			);
			name = Products;
			sourceTree = "<group>";
		};
		5FF7E4B42163AAE2003BD428 /* SmallStoryboardNavigation */ = {
			isa = PBXGroup;
			children = (
				5F4103AD2164E7F300443671 /* Extensions */,
				5F4103AC2164E7D500443671 /* ViewControllers */,
				5F4103AB2164E7C600443671 /* Application */,
				5F4103AA2164E7B800443671 /* Resources */,
			);
			path = SmallStoryboardNavigation;
			sourceTree = "<group>";
		};
		5FF7E4C92163AAE3003BD428 /* SmallStoryboardNavigationTests */ = {
			isa = PBXGroup;
			children = (
				5FF7E4CA2163AAE3003BD428 /* DummyNavigationTests.swift */,
				5FF7E4CC2163AAE3003BD428 /* Info.plist */,
			);
			path = SmallStoryboardNavigationTests;
			sourceTree = "<group>";
		};
		5FF7E4D42163AAE3003BD428 /* SmallStoryboardNavigationUITests */ = {
			isa = PBXGroup;
			children = (
				5FF7E4D52163AAE3003BD428 /* DummyNavigationUITests.swift */,
				5FF7E4D72163AAE3003BD428 /* Info.plist */,
			);
			path = SmallStoryboardNavigationUITests;
			sourceTree = "<group>";
		};
/* End PBXGroup section */

/* Begin PBXNativeTarget section */
		5FF7E4B12163AAE2003BD428 /* SmallStoryboardNavigation */ = {
			isa = PBXNativeTarget;
			buildConfigurationList = 5FF7E4DA2163AAE3003BD428 /* Build configuration list for PBXNativeTarget "SmallStoryboardNavigation" */;
			buildPhases = (
				5FF7E4AE2163AAE2003BD428 /* Sources */,
				5FF7E4AF2163AAE2003BD428 /* Frameworks */,
				5FF7E4B02163AAE2003BD428 /* Resources */,
			);
			buildRules = (
			);
			dependencies = (
			);
			name = SmallStoryboardNavigation;
			productName = DummyNavigation;
			productReference = 5FF7E4B22163AAE2003BD428 /* SmallStoryboardNavigation.app */;
			productType = "com.apple.product-type.application";
		};
		5FF7E4C52163AAE3003BD428 /* SmallStoryboardNavigationTests */ = {
			isa = PBXNativeTarget;
			buildConfigurationList = 5FF7E4DD2163AAE3003BD428 /* Build configuration list for PBXNativeTarget "SmallStoryboardNavigationTests" */;
			buildPhases = (
				5FF7E4C22163AAE3003BD428 /* Sources */,
				5FF7E4C32163AAE3003BD428 /* Frameworks */,
				5FF7E4C42163AAE3003BD428 /* Resources */,
			);
			buildRules = (
			);
			dependencies = (
				5FF7E4C82163AAE3003BD428 /* PBXTargetDependency */,
			);
			name = SmallStoryboardNavigationTests;
			productName = DummyNavigationTests;
			productReference = 5FF7E4C62163AAE3003BD428 /* SmallStoryboardNavigationTests.xctest */;
			productType = "com.apple.product-type.bundle.unit-test";
		};
		5FF7E4D02163AAE3003BD428 /* SmallStoryboardNavigationUITests */ = {
			isa = PBXNativeTarget;
			buildConfigurationList = 5FF7E4E02163AAE3003BD428 /* Build configuration list for PBXNativeTarget "SmallStoryboardNavigationUITests" */;
			buildPhases = (
				5FF7E4CD2163AAE3003BD428 /* Sources */,
				5FF7E4CE2163AAE3003BD428 /* Frameworks */,
				5FF7E4CF2163AAE3003BD428 /* Resources */,
			);
			buildRules = (
			);
			dependencies = (
				5FF7E4D32163AAE3003BD428 /* PBXTargetDependency */,
			);
			name = SmallStoryboardNavigationUITests;
			productName = DummyNavigationUITests;
			productReference = 5FF7E4D12163AAE3003BD428 /* SmallStoryboardNavigationUITests.xctest */;
			productType = "com.apple.product-type.bundle.ui-testing";
		};
/* End PBXNativeTarget section */

/* Begin PBXProject section */
		5FF7E4AA2163AAE1003BD428 /* Project object */ = {
			isa = PBXProject;
			attributes = {
				LastSwiftUpdateCheck = 1000;
				LastUpgradeCheck = 1000;
				ORGANIZATIONNAME = "Ashish Maheshwari";
				TargetAttributes = {
					5FF7E4B12163AAE2003BD428 = {
						CreatedOnToolsVersion = 10.0;
					};
					5FF7E4C52163AAE3003BD428 = {
						CreatedOnToolsVersion = 10.0;
						TestTargetID = 5FF7E4B12163AAE2003BD428;
					};
					5FF7E4D02163AAE3003BD428 = {
						CreatedOnToolsVersion = 10.0;
						TestTargetID = 5FF7E4B12163AAE2003BD428;
					};
				};
			};
			buildConfigurationList = 5FF7E4AD2163AAE2003BD428 /* Build configuration list for PBXProject "SmallStoryboardNavigation" */;
			compatibilityVersion = "Xcode 9.3";
			developmentRegion = en;
			hasScannedForEncodings = 0;
			knownRegions = (
				en,
				Base,
			);
			mainGroup = 5FF7E4A92163AAE1003BD428;
			productRefGroup = 5FF7E4B32163AAE2003BD428 /* Products */;
			projectDirPath = "";
			projectRoot = "";
			targets = (
				5FF7E4B12163AAE2003BD428 /* SmallStoryboardNavigation */,
				5FF7E4C52163AAE3003BD428 /* SmallStoryboardNavigationTests */,
				5FF7E4D02163AAE3003BD428 /* SmallStoryboardNavigationUITests */,
			);
		};
/* End PBXProject section */

/* Begin PBXResourcesBuildPhase section */
		5FF7E4B02163AAE2003BD428 /* Resources */ = {
			isa = PBXResourcesBuildPhase;
			buildActionMask = 2147483647;
			files = (
				5FF7E4C02163AAE3003BD428 /* LaunchScreen.storyboard in Resources */,
				5FF7E4BD2163AAE3003BD428 /* Assets.xcassets in Resources */,
				5F4103B52164E8CD00443671 /* SecondModule.storyboard in Resources */,
				5F4103B32164E8BD00443671 /* FirstModule.storyboard in Resources */,
			);
			runOnlyForDeploymentPostprocessing = 0;
		};
		5FF7E4C42163AAE3003BD428 /* Resources */ = {
			isa = PBXResourcesBuildPhase;
			buildActionMask = 2147483647;
			files = (
			);
			runOnlyForDeploymentPostprocessing = 0;
		};
		5FF7E4CF2163AAE3003BD428 /* Resources */ = {
			isa = PBXResourcesBuildPhase;
			buildActionMask = 2147483647;
			files = (
			);
			runOnlyForDeploymentPostprocessing = 0;
		};
/* End PBXResourcesBuildPhase section */

/* Begin PBXSourcesBuildPhase section */
		5FF7E4AE2163AAE2003BD428 /* Sources */ = {
			isa = PBXSourcesBuildPhase;
			buildActionMask = 2147483647;
			files = (
				5F4103A92164E76E00443671 /* Storyboard.Custom.swift in Sources */,
				5FF7E4B82163AAE2003BD428 /* FirstViewController.swift in Sources */,
				5FF7E4B62163AAE2003BD428 /* AppDelegate.swift in Sources */,
				5F4103B12164E87B00443671 /* SecondViewController.swift in Sources */,
				5F4103A72164E72F00443671 /* ViewController.Navigation.swift in Sources */,
			);
			runOnlyForDeploymentPostprocessing = 0;
		};
		5FF7E4C22163AAE3003BD428 /* Sources */ = {
			isa = PBXSourcesBuildPhase;
			buildActionMask = 2147483647;
			files = (
				5FF7E4CB2163AAE3003BD428 /* DummyNavigationTests.swift in Sources */,
			);
			runOnlyForDeploymentPostprocessing = 0;
		};
		5FF7E4CD2163AAE3003BD428 /* Sources */ = {
			isa = PBXSourcesBuildPhase;
			buildActionMask = 2147483647;
			files = (
				5FF7E4D62163AAE3003BD428 /* DummyNavigationUITests.swift in Sources */,
			);
			runOnlyForDeploymentPostprocessing = 0;
		};
/* End PBXSourcesBuildPhase section */

/* Begin PBXTargetDependency section */
		5FF7E4C82163AAE3003BD428 /* PBXTargetDependency */ = {
			isa = PBXTargetDependency;
			target = 5FF7E4B12163AAE2003BD428 /* SmallStoryboardNavigation */;
			targetProxy = 5FF7E4C72163AAE3003BD428 /* PBXContainerItemProxy */;
		};
		5FF7E4D32163AAE3003BD428 /* PBXTargetDependency */ = {
			isa = PBXTargetDependency;
			target = 5FF7E4B12163AAE2003BD428 /* SmallStoryboardNavigation */;
			targetProxy = 5FF7E4D22163AAE3003BD428 /* PBXContainerItemProxy */;
		};
/* End PBXTargetDependency section */

/* Begin PBXVariantGroup section */
		5FF7E4BE2163AAE3003BD428 /* LaunchScreen.storyboard */ = {
			isa = PBXVariantGroup;
			children = (
				5FF7E4BF2163AAE3003BD428 /* Base */,
			);
			name = LaunchScreen.storyboard;
			sourceTree = "<group>";
		};
/* End PBXVariantGroup section */

/* Begin XCBuildConfiguration section */
		5FF7E4D82163AAE3003BD428 /* Debug */ = {
			isa = XCBuildConfiguration;
			buildSettings = {
				ALWAYS_SEARCH_USER_PATHS = NO;
				CLANG_ANALYZER_NONNULL = YES;
				CLANG_ANALYZER_NUMBER_OBJECT_CONVERSION = YES_AGGRESSIVE;
				CLANG_CXX_LANGUAGE_STANDARD = "gnu++14";
				CLANG_CXX_LIBRARY = "libc++";
				CLANG_ENABLE_MODULES = YES;
				CLANG_ENABLE_OBJC_ARC = YES;
				CLANG_ENABLE_OBJC_WEAK = YES;
				CLANG_WARN_BLOCK_CAPTURE_AUTORELEASING = YES;
				CLANG_WARN_BOOL_CONVERSION = YES;
				CLANG_WARN_COMMA = YES;
				CLANG_WARN_CONSTANT_CONVERSION = YES;
				CLANG_WARN_DEPRECATED_OBJC_IMPLEMENTATIONS = YES;
				CLANG_WARN_DIRECT_OBJC_ISA_USAGE = YES_ERROR;
				CLANG_WARN_DOCUMENTATION_COMMENTS = YES;
				CLANG_WARN_EMPTY_BODY = YES;
				CLANG_WARN_ENUM_CONVERSION = YES;
				CLANG_WARN_INFINITE_RECURSION = YES;
				CLANG_WARN_INT_CONVERSION = YES;
				CLANG_WARN_NON_LITERAL_NULL_CONVERSION = YES;
				CLANG_WARN_OBJC_IMPLICIT_RETAIN_SELF = YES;
				CLANG_WARN_OBJC_LITERAL_CONVERSION = YES;
				CLANG_WARN_OBJC_ROOT_CLASS = YES_ERROR;
				CLANG_WARN_RANGE_LOOP_ANALYSIS = YES;
				CLANG_WARN_STRICT_PROTOTYPES = YES;
				CLANG_WARN_SUSPICIOUS_MOVE = YES;
				CLANG_WARN_UNGUARDED_AVAILABILITY = YES_AGGRESSIVE;
				CLANG_WARN_UNREACHABLE_CODE = YES;
				CLANG_WARN__DUPLICATE_METHOD_MATCH = YES;
				CODE_SIGN_IDENTITY = "iPhone Developer";
				COPY_PHASE_STRIP = NO;
				DEBUG_INFORMATION_FORMAT = dwarf;
				ENABLE_STRICT_OBJC_MSGSEND = YES;
				ENABLE_TESTABILITY = YES;
				GCC_C_LANGUAGE_STANDARD = gnu11;
				GCC_DYNAMIC_NO_PIC = NO;
				GCC_NO_COMMON_BLOCKS = YES;
				GCC_OPTIMIZATION_LEVEL = 0;
				GCC_PREPROCESSOR_DEFINITIONS = (
					"DEBUG=1",
					"$(inherited)",
				);
				GCC_WARN_64_TO_32_BIT_CONVERSION = YES;
				GCC_WARN_ABOUT_RETURN_TYPE = YES_ERROR;
				GCC_WARN_UNDECLARED_SELECTOR = YES;
				GCC_WARN_UNINITIALIZED_AUTOS = YES_AGGRESSIVE;
				GCC_WARN_UNUSED_FUNCTION = YES;
				GCC_WARN_UNUSED_VARIABLE = YES;
				IPHONEOS_DEPLOYMENT_TARGET = 12.0;
				MTL_ENABLE_DEBUG_INFO = INCLUDE_SOURCE;
				MTL_FAST_MATH = YES;
				ONLY_ACTIVE_ARCH = YES;
				SDKROOT = iphoneos;
				SWIFT_ACTIVE_COMPILATION_CONDITIONS = DEBUG;
				SWIFT_OPTIMIZATION_LEVEL = "-Onone";
			};
			name = Debug;
		};
		5FF7E4D92163AAE3003BD428 /* Release */ = {
			isa = XCBuildConfiguration;
			buildSettings = {
				ALWAYS_SEARCH_USER_PATHS = NO;
				CLANG_ANALYZER_NONNULL = YES;
				CLANG_ANALYZER_NUMBER_OBJECT_CONVERSION = YES_AGGRESSIVE;
				CLANG_CXX_LANGUAGE_STANDARD = "gnu++14";
				CLANG_CXX_LIBRARY = "libc++";
				CLANG_ENABLE_MODULES = YES;
				CLANG_ENABLE_OBJC_ARC = YES;
				CLANG_ENABLE_OBJC_WEAK = YES;
				CLANG_WARN_BLOCK_CAPTURE_AUTORELEASING = YES;
				CLANG_WARN_BOOL_CONVERSION = YES;
				CLANG_WARN_COMMA = YES;
				CLANG_WARN_CONSTANT_CONVERSION = YES;
				CLANG_WARN_DEPRECATED_OBJC_IMPLEMENTATIONS = YES;
				CLANG_WARN_DIRECT_OBJC_ISA_USAGE = YES_ERROR;
				CLANG_WARN_DOCUMENTATION_COMMENTS = YES;
				CLANG_WARN_EMPTY_BODY = YES;
				CLANG_WARN_ENUM_CONVERSION = YES;
				CLANG_WARN_INFINITE_RECURSION = YES;
				CLANG_WARN_INT_CONVERSION = YES;
				CLANG_WARN_NON_LITERAL_NULL_CONVERSION = YES;
				CLANG_WARN_OBJC_IMPLICIT_RETAIN_SELF = YES;
				CLANG_WARN_OBJC_LITERAL_CONVERSION = YES;
				CLANG_WARN_OBJC_ROOT_CLASS = YES_ERROR;
				CLANG_WARN_RANGE_LOOP_ANALYSIS = YES;
				CLANG_WARN_STRICT_PROTOTYPES = YES;
				CLANG_WARN_SUSPICIOUS_MOVE = YES;
				CLANG_WARN_UNGUARDED_AVAILABILITY = YES_AGGRESSIVE;
				CLANG_WARN_UNREACHABLE_CODE = YES;
				CLANG_WARN__DUPLICATE_METHOD_MATCH = YES;
				CODE_SIGN_IDENTITY = "iPhone Developer";
				COPY_PHASE_STRIP = NO;
				DEBUG_INFORMATION_FORMAT = "dwarf-with-dsym";
				ENABLE_NS_ASSERTIONS = NO;
				ENABLE_STRICT_OBJC_MSGSEND = YES;
				GCC_C_LANGUAGE_STANDARD = gnu11;
				GCC_NO_COMMON_BLOCKS = YES;
				GCC_WARN_64_TO_32_BIT_CONVERSION = YES;
				GCC_WARN_ABOUT_RETURN_TYPE = YES_ERROR;
				GCC_WARN_UNDECLARED_SELECTOR = YES;
				GCC_WARN_UNINITIALIZED_AUTOS = YES_AGGRESSIVE;
				GCC_WARN_UNUSED_FUNCTION = YES;
				GCC_WARN_UNUSED_VARIABLE = YES;
				IPHONEOS_DEPLOYMENT_TARGET = 12.0;
				MTL_ENABLE_DEBUG_INFO = NO;
				MTL_FAST_MATH = YES;
				SDKROOT = iphoneos;
				SWIFT_COMPILATION_MODE = wholemodule;
				SWIFT_OPTIMIZATION_LEVEL = "-O";
				VALIDATE_PRODUCT = YES;
			};
			name = Release;
		};
		5FF7E4DB2163AAE3003BD428 /* Debug */ = {
			isa = XCBuildConfiguration;
			buildSettings = {
				ASSETCATALOG_COMPILER_APPICON_NAME = AppIcon;
				CODE_SIGN_STYLE = Automatic;
				INFOPLIST_FILE = SmallStoryboardNavigation/Resources/Info.plist;
				LD_RUNPATH_SEARCH_PATHS = (
					"$(inherited)",
					"@executable_path/Frameworks",
				);
				PRODUCT_BUNDLE_IDENTIFIER = Dummy.DummyNavigation;
				PRODUCT_NAME = "$(TARGET_NAME)";
				SWIFT_VERSION = 4.2;
				TARGETED_DEVICE_FAMILY = "1,2";
			};
			name = Debug;
		};
		5FF7E4DC2163AAE3003BD428 /* Release */ = {
			isa = XCBuildConfiguration;
			buildSettings = {
				ASSETCATALOG_COMPILER_APPICON_NAME = AppIcon;
				CODE_SIGN_STYLE = Automatic;
				INFOPLIST_FILE = SmallStoryboardNavigation/Resources/Info.plist;
				LD_RUNPATH_SEARCH_PATHS = (
					"$(inherited)",
					"@executable_path/Frameworks",
				);
				PRODUCT_BUNDLE_IDENTIFIER = Dummy.DummyNavigation;
				PRODUCT_NAME = "$(TARGET_NAME)";
				SWIFT_VERSION = 4.2;
				TARGETED_DEVICE_FAMILY = "1,2";
			};
			name = Release;
		};
		5FF7E4DE2163AAE3003BD428 /* Debug */ = {
			isa = XCBuildConfiguration;
			buildSettings = {
				ALWAYS_EMBED_SWIFT_STANDARD_LIBRARIES = YES;
				BUNDLE_LOADER = "$(TEST_HOST)";
				CODE_SIGN_STYLE = Automatic;
				INFOPLIST_FILE = DummyNavigationTests/Info.plist;
				LD_RUNPATH_SEARCH_PATHS = (
					"$(inherited)",
					"@executable_path/Frameworks",
					"@loader_path/Frameworks",
				);
				PRODUCT_BUNDLE_IDENTIFIER = Dummy.DummyNavigationTests;
				PRODUCT_NAME = "$(TARGET_NAME)";
				SWIFT_VERSION = 4.2;
				TARGETED_DEVICE_FAMILY = "1,2";
				TEST_HOST = "$(BUILT_PRODUCTS_DIR)/SmallStoryboardNavigation.app/SmallStoryboardNavigation";
			};
			name = Debug;
		};
		5FF7E4DF2163AAE3003BD428 /* Release */ = {
			isa = XCBuildConfiguration;
			buildSettings = {
				ALWAYS_EMBED_SWIFT_STANDARD_LIBRARIES = YES;
				BUNDLE_LOADER = "$(TEST_HOST)";
				CODE_SIGN_STYLE = Automatic;
				INFOPLIST_FILE = DummyNavigationTests/Info.plist;
				LD_RUNPATH_SEARCH_PATHS = (
					"$(inherited)",
					"@executable_path/Frameworks",
					"@loader_path/Frameworks",
				);
				PRODUCT_BUNDLE_IDENTIFIER = Dummy.DummyNavigationTests;
				PRODUCT_NAME = "$(TARGET_NAME)";
				SWIFT_VERSION = 4.2;
				TARGETED_DEVICE_FAMILY = "1,2";
				TEST_HOST = "$(BUILT_PRODUCTS_DIR)/SmallStoryboardNavigation.app/SmallStoryboardNavigation";
			};
			name = Release;
		};
		5FF7E4E12163AAE3003BD428 /* Debug */ = {
			isa = XCBuildConfiguration;
			buildSettings = {
				ALWAYS_EMBED_SWIFT_STANDARD_LIBRARIES = YES;
				CODE_SIGN_STYLE = Automatic;
				INFOPLIST_FILE = DummyNavigationUITests/Info.plist;
				LD_RUNPATH_SEARCH_PATHS = (
					"$(inherited)",
					"@executable_path/Frameworks",
					"@loader_path/Frameworks",
				);
				PRODUCT_BUNDLE_IDENTIFIER = Dummy.DummyNavigationUITests;
				PRODUCT_NAME = "$(TARGET_NAME)";
				SWIFT_VERSION = 4.2;
				TARGETED_DEVICE_FAMILY = "1,2";
				TEST_TARGET_NAME = DummyNavigation;
			};
			name = Debug;
		};
		5FF7E4E22163AAE3003BD428 /* Release */ = {
			isa = XCBuildConfiguration;
			buildSettings = {
				ALWAYS_EMBED_SWIFT_STANDARD_LIBRARIES = YES;
				CODE_SIGN_STYLE = Automatic;
				INFOPLIST_FILE = DummyNavigationUITests/Info.plist;
				LD_RUNPATH_SEARCH_PATHS = (
					"$(inherited)",
					"@executable_path/Frameworks",
					"@loader_path/Frameworks",
				);
				PRODUCT_BUNDLE_IDENTIFIER = Dummy.DummyNavigationUITests;
				PRODUCT_NAME = "$(TARGET_NAME)";
				SWIFT_VERSION = 4.2;
				TARGETED_DEVICE_FAMILY = "1,2";
				TEST_TARGET_NAME = DummyNavigation;
			};
			name = Release;
		};
/* End XCBuildConfiguration section */

/* Begin XCConfigurationList section */
		5FF7E4AD2163AAE2003BD428 /* Build configuration list for PBXProject "SmallStoryboardNavigation" */ = {
			isa = XCConfigurationList;
			buildConfigurations = (
				5FF7E4D82163AAE3003BD428 /* Debug */,
				5FF7E4D92163AAE3003BD428 /* Release */,
			);
			defaultConfigurationIsVisible = 0;
			defaultConfigurationName = Release;
		};
		5FF7E4DA2163AAE3003BD428 /* Build configuration list for PBXNativeTarget "SmallStoryboardNavigation" */ = {
			isa = XCConfigurationList;
			buildConfigurations = (
				5FF7E4DB2163AAE3003BD428 /* Debug */,
				5FF7E4DC2163AAE3003BD428 /* Release */,
			);
			defaultConfigurationIsVisible = 0;
			defaultConfigurationName = Release;
		};
		5FF7E4DD2163AAE3003BD428 /* Build configuration list for PBXNativeTarget "SmallStoryboardNavigationTests" */ = {
			isa = XCConfigurationList;
			buildConfigurations = (
				5FF7E4DE2163AAE3003BD428 /* Debug */,
				5FF7E4DF2163AAE3003BD428 /* Release */,
			);
			defaultConfigurationIsVisible = 0;
			defaultConfigurationName = Release;
		};
		5FF7E4E02163AAE3003BD428 /* Build configuration list for PBXNativeTarget "SmallStoryboardNavigationUITests" */ = {
			isa = XCConfigurationList;
			buildConfigurations = (
				5FF7E4E12163AAE3003BD428 /* Debug */,
				5FF7E4E22163AAE3003BD428 /* Release */,
			);
			defaultConfigurationIsVisible = 0;
			defaultConfigurationName = Release;
		};
/* End XCConfigurationList section */
	};
	rootObject = 5FF7E4AA2163AAE1003BD428 /* Project object */;
}
